{
  "originHash" : "d950d7520b76bf38b2beccdae72179103016ce6066d7bd1a917bd67f6ad3f8db",
  "pins" : [
    {
      "identity" : "swiftphoenixclient",
      "kind" : "remoteSourceControl",
      "location" : "https://github.com/davidstump/SwiftPhoenixClient.git",
      "state" : {
        "revision" : "2ea54b43202b053a1e84529509b91621d5601606",
        "version" : "5.3.4"
      }
    }
  ],
  "version" : 3
}
